// !$*UTF8*$!
{
	archiveVersion = 1;
	classes = {
	};
	objectVersion = 55;
	objects = {

/* Begin PBXBuildFile section */
		7923FAA6287C2F3E00E6EE3D /* SideBar.swift in Sources */ = {isa = PBXBuildFile; fileRef = 7923FAA5287C2F3E00E6EE3D /* SideBar.swift */; };
		7923FAA8287C303E00E6EE3D /* HomeView.swift in Sources */ = {isa = PBXBuildFile; fileRef = 7923FAA7287C303E00E6EE3D /* HomeView.swift */; };
		7923FAAA287C305D00E6EE3D /* TutorialsView.swift in Sources */ = {isa = PBXBuildFile; fileRef = 7923FAA9287C305D00E6EE3D /* TutorialsView.swift */; };
		7923FAAD287C330F00E6EE3D /* ToolBar.swift in Sources */ = {isa = PBXBuildFile; fileRef = 7923FAAC287C330F00E6EE3D /* ToolBar.swift */; };
		7923FAAF287C34BE00E6EE3D /* ImageView.swift in Sources */ = {isa = PBXBuildFile; fileRef = 7923FAAE287C34BE00E6EE3D /* ImageView.swift */; };
		7923FAB1287C362900E6EE3D /* SafeAreaLayout.swift in Sources */ = {isa = PBXBuildFile; fileRef = 7923FAB0287C362900E6EE3D /* SafeAreaLayout.swift */; };
		7923FAB3287C375600E6EE3D /* TextView.swift in Sources */ = {isa = PBXBuildFile; fileRef = 7923FAB2287C375600E6EE3D /* TextView.swift */; };
		7923FAB5287C398300E6EE3D /* CustomFont.swift in Sources */ = {isa = PBXBuildFile; fileRef = 7923FAB4287C398300E6EE3D /* CustomFont.swift */; };
		7923FAE3287C39D500E6EE3D /* OpenSans-Italic-VariableFont_wdth,wght.ttf in Resources */ = {isa = PBXBuildFile; fileRef = 7923FAB7287C39D500E6EE3D /* OpenSans-Italic-VariableFont_wdth,wght.ttf */; };
		7923FAE4287C39D500E6EE3D /* OpenSans_SemiCondensed-MediumItalic.ttf in Resources */ = {isa = PBXBuildFile; fileRef = 7923FABA287C39D500E6EE3D /* OpenSans_SemiCondensed-MediumItalic.ttf */; };
		7923FAE5287C39D500E6EE3D /* OpenSans_SemiCondensed-Regular.ttf in Resources */ = {isa = PBXBuildFile; fileRef = 7923FABB287C39D500E6EE3D /* OpenSans_SemiCondensed-Regular.ttf */; };
		7923FAE6287C39D500E6EE3D /* OpenSans_SemiCondensed-Bold.ttf in Resources */ = {isa = PBXBuildFile; fileRef = 7923FABC287C39D500E6EE3D /* OpenSans_SemiCondensed-Bold.ttf */; };
		7923FAE7287C39D500E6EE3D /* OpenSans_SemiCondensed-Light.ttf in Resources */ = {isa = PBXBuildFile; fileRef = 7923FABD287C39D500E6EE3D /* OpenSans_SemiCondensed-Light.ttf */; };
		7923FAE8287C39D500E6EE3D /* OpenSans_SemiCondensed-SemiBoldItalic.ttf in Resources */ = {isa = PBXBuildFile; fileRef = 7923FABE287C39D500E6EE3D /* OpenSans_SemiCondensed-SemiBoldItalic.ttf */; };
		7923FAE9287C39D500E6EE3D /* OpenSans_SemiCondensed-SemiBold.ttf in Resources */ = {isa = PBXBuildFile; fileRef = 7923FABF287C39D500E6EE3D /* OpenSans_SemiCondensed-SemiBold.ttf */; };
		7923FAEA287C39D500E6EE3D /* OpenSans_SemiCondensed-Medium.ttf in Resources */ = {isa = PBXBuildFile; fileRef = 7923FAC0287C39D500E6EE3D /* OpenSans_SemiCondensed-Medium.ttf */; };
		7923FAEB287C39D500E6EE3D /* OpenSans_SemiCondensed-ExtraBold.ttf in Resources */ = {isa = PBXBuildFile; fileRef = 7923FAC1287C39D500E6EE3D /* OpenSans_SemiCondensed-ExtraBold.ttf */; };
		7923FAEC287C39D500E6EE3D /* OpenSans_SemiCondensed-LightItalic.ttf in Resources */ = {isa = PBXBuildFile; fileRef = 7923FAC2287C39D500E6EE3D /* OpenSans_SemiCondensed-LightItalic.ttf */; };
		7923FAED287C39D500E6EE3D /* OpenSans_SemiCondensed-Italic.ttf in Resources */ = {isa = PBXBuildFile; fileRef = 7923FAC3287C39D500E6EE3D /* OpenSans_SemiCondensed-Italic.ttf */; };
		7923FAEE287C39D500E6EE3D /* OpenSans_SemiCondensed-BoldItalic.ttf in Resources */ = {isa = PBXBuildFile; fileRef = 7923FAC4287C39D500E6EE3D /* OpenSans_SemiCondensed-BoldItalic.ttf */; };
		7923FAEF287C39D500E6EE3D /* OpenSans_SemiCondensed-ExtraBoldItalic.ttf in Resources */ = {isa = PBXBuildFile; fileRef = 7923FAC5287C39D500E6EE3D /* OpenSans_SemiCondensed-ExtraBoldItalic.ttf */; };
		7923FAF0287C39D500E6EE3D /* OpenSans_Condensed-Medium.ttf in Resources */ = {isa = PBXBuildFile; fileRef = 7923FAC7287C39D500E6EE3D /* OpenSans_Condensed-Medium.ttf */; };
		7923FAF1287C39D500E6EE3D /* OpenSans_Condensed-ExtraBold.ttf in Resources */ = {isa = PBXBuildFile; fileRef = 7923FAC8287C39D500E6EE3D /* OpenSans_Condensed-ExtraBold.ttf */; };
		7923FAF2287C39D500E6EE3D /* OpenSans_Condensed-SemiBold.ttf in Resources */ = {isa = PBXBuildFile; fileRef = 7923FAC9287C39D500E6EE3D /* OpenSans_Condensed-SemiBold.ttf */; };
		7923FAF3287C39D500E6EE3D /* OpenSans_Condensed-LightItalic.ttf in Resources */ = {isa = PBXBuildFile; fileRef = 7923FACA287C39D500E6EE3D /* OpenSans_Condensed-LightItalic.ttf */; };
		7923FAF4287C39D500E6EE3D /* OpenSans_Condensed-Bold.ttf in Resources */ = {isa = PBXBuildFile; fileRef = 7923FACB287C39D500E6EE3D /* OpenSans_Condensed-Bold.ttf */; };
		7923FAF5287C39D500E6EE3D /* OpenSans_Condensed-Light.ttf in Resources */ = {isa = PBXBuildFile; fileRef = 7923FACC287C39D500E6EE3D /* OpenSans_Condensed-Light.ttf */; };
		7923FAF6287C39D500E6EE3D /* OpenSans_Condensed-SemiBoldItalic.ttf in Resources */ = {isa = PBXBuildFile; fileRef = 7923FACD287C39D500E6EE3D /* OpenSans_Condensed-SemiBoldItalic.ttf */; };
		7923FAF7287C39D500E6EE3D /* OpenSans_Condensed-BoldItalic.ttf in Resources */ = {isa = PBXBuildFile; fileRef = 7923FACE287C39D500E6EE3D /* OpenSans_Condensed-BoldItalic.ttf */; };
		7923FAF8287C39D500E6EE3D /* OpenSans_Condensed-MediumItalic.ttf in Resources */ = {isa = PBXBuildFile; fileRef = 7923FACF287C39D500E6EE3D /* OpenSans_Condensed-MediumItalic.ttf */; };
		7923FAF9287C39D500E6EE3D /* OpenSans_Condensed-Regular.ttf in Resources */ = {isa = PBXBuildFile; fileRef = 7923FAD0287C39D500E6EE3D /* OpenSans_Condensed-Regular.ttf */; };
		7923FAFA287C39D500E6EE3D /* OpenSans_Condensed-ExtraBoldItalic.ttf in Resources */ = {isa = PBXBuildFile; fileRef = 7923FAD1287C39D500E6EE3D /* OpenSans_Condensed-ExtraBoldItalic.ttf */; };
		7923FAFB287C39D500E6EE3D /* OpenSans_Condensed-Italic.ttf in Resources */ = {isa = PBXBuildFile; fileRef = 7923FAD2287C39D500E6EE3D /* OpenSans_Condensed-Italic.ttf */; };
		7923FAFC287C39D500E6EE3D /* OpenSans-SemiBold.ttf in Resources */ = {isa = PBXBuildFile; fileRef = 7923FAD4287C39D500E6EE3D /* OpenSans-SemiBold.ttf */; };
		7923FAFD287C39D500E6EE3D /* OpenSans-Light.ttf in Resources */ = {isa = PBXBuildFile; fileRef = 7923FAD5287C39D500E6EE3D /* OpenSans-Light.ttf */; };
		7923FAFE287C39D500E6EE3D /* OpenSans-Italic.ttf in Resources */ = {isa = PBXBuildFile; fileRef = 7923FAD6287C39D500E6EE3D /* OpenSans-Italic.ttf */; };
		7923FAFF287C39D500E6EE3D /* OpenSans-MediumItalic.ttf in Resources */ = {isa = PBXBuildFile; fileRef = 7923FAD7287C39D500E6EE3D /* OpenSans-MediumItalic.ttf */; };
		7923FB00287C39D500E6EE3D /* OpenSans-ExtraBold.ttf in Resources */ = {isa = PBXBuildFile; fileRef = 7923FAD8287C39D500E6EE3D /* OpenSans-ExtraBold.ttf */; };
		7923FB01287C39D500E6EE3D /* OpenSans-LightItalic.ttf in Resources */ = {isa = PBXBuildFile; fileRef = 7923FAD9287C39D500E6EE3D /* OpenSans-LightItalic.ttf */; };
		7923FB02287C39D500E6EE3D /* OpenSans-Bold.ttf in Resources */ = {isa = PBXBuildFile; fileRef = 7923FADA287C39D500E6EE3D /* OpenSans-Bold.ttf */; };
		7923FB03287C39D500E6EE3D /* OpenSans-SemiBoldItalic.ttf in Resources */ = {isa = PBXBuildFile; fileRef = 7923FADB287C39D500E6EE3D /* OpenSans-SemiBoldItalic.ttf */; };
		7923FB04287C39D500E6EE3D /* OpenSans-Medium.ttf in Resources */ = {isa = PBXBuildFile; fileRef = 7923FADC287C39D500E6EE3D /* OpenSans-Medium.ttf */; };
		7923FB05287C39D500E6EE3D /* OpenSans-ExtraBoldItalic.ttf in Resources */ = {isa = PBXBuildFile; fileRef = 7923FADD287C39D500E6EE3D /* OpenSans-ExtraBoldItalic.ttf */; };
		7923FB06287C39D500E6EE3D /* OpenSans-Regular.ttf in Resources */ = {isa = PBXBuildFile; fileRef = 7923FADE287C39D500E6EE3D /* OpenSans-Regular.ttf */; };
		7923FB07287C39D500E6EE3D /* OpenSans-BoldItalic.ttf in Resources */ = {isa = PBXBuildFile; fileRef = 7923FADF287C39D500E6EE3D /* OpenSans-BoldItalic.ttf */; };
		7923FB08287C39D500E6EE3D /* README.txt in Resources */ = {isa = PBXBuildFile; fileRef = 7923FAE0287C39D500E6EE3D /* README.txt */; };
		7923FB09287C39D500E6EE3D /* LICENSE.txt in Resources */ = {isa = PBXBuildFile; fileRef = 7923FAE1287C39D500E6EE3D /* LICENSE.txt */; };
		7923FB0A287C39D500E6EE3D /* OpenSans-VariableFont_wdth,wght.ttf in Resources */ = {isa = PBXBuildFile; fileRef = 7923FAE2287C39D500E6EE3D /* OpenSans-VariableFont_wdth,wght.ttf */; };
		7923FB0D287C3CC100E6EE3D /* MaxWidthAndFrame.swift in Sources */ = {isa = PBXBuildFile; fileRef = 7923FB0C287C3CC100E6EE3D /* MaxWidthAndFrame.swift */; };
		7923FB0F287C3DBA00E6EE3D /* ShadowsAndColor.swift in Sources */ = {isa = PBXBuildFile; fileRef = 7923FB0E287C3DBA00E6EE3D /* ShadowsAndColor.swift */; };
		7923FB11287C3F1200E6EE3D /* MaskAndTransParency.swift in Sources */ = {isa = PBXBuildFile; fileRef = 7923FB10287C3F1200E6EE3D /* MaskAndTransParency.swift */; };
		7923FB13287C409500E6EE3D /* ClipShape and Smooth.swift in Sources */ = {isa = PBXBuildFile; fileRef = 7923FB12287C409500E6EE3D /* ClipShape and Smooth.swift */; };
		7923FB15287C507A00E6EE3D /* TabViewPagination.swift in Sources */ = {isa = PBXBuildFile; fileRef = 7923FB14287C507A00E6EE3D /* TabViewPagination.swift */; };
		7923FB17287C515C00E6EE3D /* AnimationStates.swift in Sources */ = {isa = PBXBuildFile; fileRef = 7923FB16287C515C00E6EE3D /* AnimationStates.swift */; };
		7923FB19287C52F800E6EE3D /* ViewTransitionsAndAnimations.swift in Sources */ = {isa = PBXBuildFile; fileRef = 7923FB18287C52F800E6EE3D /* ViewTransitionsAndAnimations.swift */; };
		7923FB1B287C54F500E6EE3D /* AnimationModifierAndTiming.swift in Sources */ = {isa = PBXBuildFile; fileRef = 7923FB1A287C54F500E6EE3D /* AnimationModifierAndTiming.swift */; };
		7923FB1D287C584C00E6EE3D /* TransfromAnimations.swift in Sources */ = {isa = PBXBuildFile; fileRef = 7923FB1C287C584C00E6EE3D /* TransfromAnimations.swift */; };
		7923FB1F287CA48000E6EE3D /* TapAnimationDelay.swift in Sources */ = {isa = PBXBuildFile; fileRef = 7923FB1E287CA48000E6EE3D /* TapAnimationDelay.swift */; };
		7923FB21287CA69800E6EE3D /* LongPressGesture.swift in Sources */ = {isa = PBXBuildFile; fileRef = 7923FB20287CA69800E6EE3D /* LongPressGesture.swift */; };
		79552B4B287F19ED00039F57 /* AdvancedMatchedGeo.swift in Sources */ = {isa = PBXBuildFile; fileRef = 79552B4A287F19ED00039F57 /* AdvancedMatchedGeo.swift */; };
		79552B4D287F1B0400039F57 /* PlayView.swift in Sources */ = {isa = PBXBuildFile; fileRef = 79552B4C287F1B0400039F57 /* PlayView.swift */; };
		79552B50287F1EF500039F57 /* SwiftManagerPAckage.swift in Sources */ = {isa = PBXBuildFile; fileRef = 79552B4F287F1EF500039F57 /* SwiftManagerPAckage.swift */; };
		79552B53287F1FA400039F57 /* SwiftUIX in Frameworks */ = {isa = PBXBuildFile; productRef = 79552B52287F1FA400039F57 /* SwiftUIX */; };
		79552B55287F217700039F57 /* BakcgroundBlur.swift in Sources */ = {isa = PBXBuildFile; fileRef = 79552B54287F217700039F57 /* BakcgroundBlur.swift */; };
		79552B57287F304600039F57 /* VisualEffectBlur.swift in Sources */ = {isa = PBXBuildFile; fileRef = 79552B56287F304600039F57 /* VisualEffectBlur.swift */; };
		79552B5B287F34CF00039F57 /* Lottie in Frameworks */ = {isa = PBXBuildFile; productRef = 79552B5A287F34CF00039F57 /* Lottie */; };
		79552B5D287F34F400039F57 /* LottieAnimation.swift in Sources */ = {isa = PBXBuildFile; fileRef = 79552B5C287F34F400039F57 /* LottieAnimation.swift */; };
		79552B5F287F350C00039F57 /* success.json in Resources */ = {isa = PBXBuildFile; fileRef = 79552B5E287F350C00039F57 /* success.json */; };
		79552B62287F353700039F57 /* LottieView.swift in Sources */ = {isa = PBXBuildFile; fileRef = 79552B61287F353700039F57 /* LottieView.swift */; };
		79552B64287F3C4600039F57 /* LazyGridLayout.swift in Sources */ = {isa = PBXBuildFile; fileRef = 79552B63287F3C4600039F57 /* LazyGridLayout.swift */; };
		796DD61E287BE76D0031CD48 /* ColorLiteral.swift in Sources */ = {isa = PBXBuildFile; fileRef = 796DD61D287BE76D0031CD48 /* ColorLiteral.swift */; };
		797BD1D3287CA9470062F395 /* DragGestureHB.swift in Sources */ = {isa = PBXBuildFile; fileRef = 797BD1D2287CA9470062F395 /* DragGestureHB.swift */; };
		797BD1D5287CAAD00062F395 /* MatchedGeometryEffect.swift in Sources */ = {isa = PBXBuildFile; fileRef = 797BD1D4287CAAD00062F395 /* MatchedGeometryEffect.swift */; };
		79C55418287BD97F002F059B /* SwiftUI_HandbookApp.swift in Sources */ = {isa = PBXBuildFile; fileRef = 79C55417287BD97F002F059B /* SwiftUI_HandbookApp.swift */; };
		79C5541A287BD97F002F059B /* ContentView.swift in Sources */ = {isa = PBXBuildFile; fileRef = 79C55419287BD97F002F059B /* ContentView.swift */; };
		79C5541C287BD980002F059B /* Assets.xcassets in Resources */ = {isa = PBXBuildFile; fileRef = 79C5541B287BD980002F059B /* Assets.xcassets */; };
		79C5541F287BD980002F059B /* Preview Assets.xcassets in Resources */ = {isa = PBXBuildFile; fileRef = 79C5541E287BD980002F059B /* Preview Assets.xcassets */; };
		79C55442287BE5C0002F059B /* Symbols.swift in Sources */ = {isa = PBXBuildFile; fileRef = 79C55441287BE5C0002F059B /* Symbols.swift */; };
/* End PBXBuildFile section */

/* Begin PBXFileReference section */
		7923FAA5287C2F3E00E6EE3D /* SideBar.swift */ = {isa = PBXFileReference; lastKnownFileType = sourcecode.swift; path = SideBar.swift; sourceTree = "<group>"; };
		7923FAA7287C303E00E6EE3D /* HomeView.swift */ = {isa = PBXFileReference; lastKnownFileType = sourcecode.swift; path = HomeView.swift; sourceTree = "<group>"; };
		7923FAA9287C305D00E6EE3D /* TutorialsView.swift */ = {isa = PBXFileReference; lastKnownFileType = sourcecode.swift; path = TutorialsView.swift; sourceTree = "<group>"; };
		7923FAAC287C330F00E6EE3D /* ToolBar.swift */ = {isa = PBXFileReference; lastKnownFileType = sourcecode.swift; path = ToolBar.swift; sourceTree = "<group>"; };
		7923FAAE287C34BE00E6EE3D /* ImageView.swift */ = {isa = PBXFileReference; lastKnownFileType = sourcecode.swift; path = ImageView.swift; sourceTree = "<group>"; };
		7923FAB0287C362900E6EE3D /* SafeAreaLayout.swift */ = {isa = PBXFileReference; lastKnownFileType = sourcecode.swift; path = SafeAreaLayout.swift; sourceTree = "<group>"; };
		7923FAB2287C375600E6EE3D /* TextView.swift */ = {isa = PBXFileReference; lastKnownFileType = sourcecode.swift; path = TextView.swift; sourceTree = "<group>"; };
		7923FAB4287C398300E6EE3D /* CustomFont.swift */ = {isa = PBXFileReference; lastKnownFileType = sourcecode.swift; path = CustomFont.swift; sourceTree = "<group>"; };
		7923FAB7287C39D500E6EE3D /* OpenSans-Italic-VariableFont_wdth,wght.ttf */ = {isa = PBXFileReference; lastKnownFileType = file; path = "OpenSans-Italic-VariableFont_wdth,wght.ttf"; sourceTree = "<group>"; };
		7923FABA287C39D500E6EE3D /* OpenSans_SemiCondensed-MediumItalic.ttf */ = {isa = PBXFileReference; lastKnownFileType = file; path = "OpenSans_SemiCondensed-MediumItalic.ttf"; sourceTree = "<group>"; };
		7923FABB287C39D500E6EE3D /* OpenSans_SemiCondensed-Regular.ttf */ = {isa = PBXFileReference; lastKnownFileType = file; path = "OpenSans_SemiCondensed-Regular.ttf"; sourceTree = "<group>"; };
		7923FABC287C39D500E6EE3D /* OpenSans_SemiCondensed-Bold.ttf */ = {isa = PBXFileReference; lastKnownFileType = file; path = "OpenSans_SemiCondensed-Bold.ttf"; sourceTree = "<group>"; };
		7923FABD287C39D500E6EE3D /* OpenSans_SemiCondensed-Light.ttf */ = {isa = PBXFileReference; lastKnownFileType = file; path = "OpenSans_SemiCondensed-Light.ttf"; sourceTree = "<group>"; };
		7923FABE287C39D500E6EE3D /* OpenSans_SemiCondensed-SemiBoldItalic.ttf */ = {isa = PBXFileReference; lastKnownFileType = file; path = "OpenSans_SemiCondensed-SemiBoldItalic.ttf"; sourceTree = "<group>"; };
		7923FABF287C39D500E6EE3D /* OpenSans_SemiCondensed-SemiBold.ttf */ = {isa = PBXFileReference; lastKnownFileType = file; path = "OpenSans_SemiCondensed-SemiBold.ttf"; sourceTree = "<group>"; };
		7923FAC0287C39D500E6EE3D /* OpenSans_SemiCondensed-Medium.ttf */ = {isa = PBXFileReference; lastKnownFileType = file; path = "OpenSans_SemiCondensed-Medium.ttf"; sourceTree = "<group>"; };
		7923FAC1287C39D500E6EE3D /* OpenSans_SemiCondensed-ExtraBold.ttf */ = {isa = PBXFileReference; lastKnownFileType = file; path = "OpenSans_SemiCondensed-ExtraBold.ttf"; sourceTree = "<group>"; };
		7923FAC2287C39D500E6EE3D /* OpenSans_SemiCondensed-LightItalic.ttf */ = {isa = PBXFileReference; lastKnownFileType = file; path = "OpenSans_SemiCondensed-LightItalic.ttf"; sourceTree = "<group>"; };
		7923FAC3287C39D500E6EE3D /* OpenSans_SemiCondensed-Italic.ttf */ = {isa = PBXFileReference; lastKnownFileType = file; path = "OpenSans_SemiCondensed-Italic.ttf"; sourceTree = "<group>"; };
		7923FAC4287C39D500E6EE3D /* OpenSans_SemiCondensed-BoldItalic.ttf */ = {isa = PBXFileReference; lastKnownFileType = file; path = "OpenSans_SemiCondensed-BoldItalic.ttf"; sourceTree = "<group>"; };
		7923FAC5287C39D500E6EE3D /* OpenSans_SemiCondensed-ExtraBoldItalic.ttf */ = {isa = PBXFileReference; lastKnownFileType = file; path = "OpenSans_SemiCondensed-ExtraBoldItalic.ttf"; sourceTree = "<group>"; };
		7923FAC7287C39D500E6EE3D /* OpenSans_Condensed-Medium.ttf */ = {isa = PBXFileReference; lastKnownFileType = file; path = "OpenSans_Condensed-Medium.ttf"; sourceTree = "<group>"; };
		7923FAC8287C39D500E6EE3D /* OpenSans_Condensed-ExtraBold.ttf */ = {isa = PBXFileReference; lastKnownFileType = file; path = "OpenSans_Condensed-ExtraBold.ttf"; sourceTree = "<group>"; };
		7923FAC9287C39D500E6EE3D /* OpenSans_Condensed-SemiBold.ttf */ = {isa = PBXFileReference; lastKnownFileType = file; path = "OpenSans_Condensed-SemiBold.ttf"; sourceTree = "<group>"; };
		7923FACA287C39D500E6EE3D /* OpenSans_Condensed-LightItalic.ttf */ = {isa = PBXFileReference; lastKnownFileType = file; path = "OpenSans_Condensed-LightItalic.ttf"; sourceTree = "<group>"; };
		7923FACB287C39D500E6EE3D /* OpenSans_Condensed-Bold.ttf */ = {isa = PBXFileReference; lastKnownFileType = file; path = "OpenSans_Condensed-Bold.ttf"; sourceTree = "<group>"; };
		7923FACC287C39D500E6EE3D /* OpenSans_Condensed-Light.ttf */ = {isa = PBXFileReference; lastKnownFileType = file; path = "OpenSans_Condensed-Light.ttf"; sourceTree = "<group>"; };
		7923FACD287C39D500E6EE3D /* OpenSans_Condensed-SemiBoldItalic.ttf */ = {isa = PBXFileReference; lastKnownFileType = file; path = "OpenSans_Condensed-SemiBoldItalic.ttf"; sourceTree = "<group>"; };
		7923FACE287C39D500E6EE3D /* OpenSans_Condensed-BoldItalic.ttf */ = {isa = PBXFileReference; lastKnownFileType = file; path = "OpenSans_Condensed-BoldItalic.ttf"; sourceTree = "<group>"; };
		7923FACF287C39D500E6EE3D /* OpenSans_Condensed-MediumItalic.ttf */ = {isa = PBXFileReference; lastKnownFileType = file; path = "OpenSans_Condensed-MediumItalic.ttf"; sourceTree = "<group>"; };
		7923FAD0287C39D500E6EE3D /* OpenSans_Condensed-Regular.ttf */ = {isa = PBXFileReference; lastKnownFileType = file; path = "OpenSans_Condensed-Regular.ttf"; sourceTree = "<group>"; };
		7923FAD1287C39D500E6EE3D /* OpenSans_Condensed-ExtraBoldItalic.ttf */ = {isa = PBXFileReference; lastKnownFileType = file; path = "OpenSans_Condensed-ExtraBoldItalic.ttf"; sourceTree = "<group>"; };
		7923FAD2287C39D500E6EE3D /* OpenSans_Condensed-Italic.ttf */ = {isa = PBXFileReference; lastKnownFileType = file; path = "OpenSans_Condensed-Italic.ttf"; sourceTree = "<group>"; };
		7923FAD4287C39D500E6EE3D /* OpenSans-SemiBold.ttf */ = {isa = PBXFileReference; lastKnownFileType = file; path = "OpenSans-SemiBold.ttf"; sourceTree = "<group>"; };
		7923FAD5287C39D500E6EE3D /* OpenSans-Light.ttf */ = {isa = PBXFileReference; lastKnownFileType = file; path = "OpenSans-Light.ttf"; sourceTree = "<group>"; };
		7923FAD6287C39D500E6EE3D /* OpenSans-Italic.ttf */ = {isa = PBXFileReference; lastKnownFileType = file; path = "OpenSans-Italic.ttf"; sourceTree = "<group>"; };
		7923FAD7287C39D500E6EE3D /* OpenSans-MediumItalic.ttf */ = {isa = PBXFileReference; lastKnownFileType = file; path = "OpenSans-MediumItalic.ttf"; sourceTree = "<group>"; };
		7923FAD8287C39D500E6EE3D /* OpenSans-ExtraBold.ttf */ = {isa = PBXFileReference; lastKnownFileType = file; path = "OpenSans-ExtraBold.ttf"; sourceTree = "<group>"; };
		7923FAD9287C39D500E6EE3D /* OpenSans-LightItalic.ttf */ = {isa = PBXFileReference; lastKnownFileType = file; path = "OpenSans-LightItalic.ttf"; sourceTree = "<group>"; };
		7923FADA287C39D500E6EE3D /* OpenSans-Bold.ttf */ = {isa = PBXFileReference; lastKnownFileType = file; path = "OpenSans-Bold.ttf"; sourceTree = "<group>"; };
		7923FADB287C39D500E6EE3D /* OpenSans-SemiBoldItalic.ttf */ = {isa = PBXFileReference; lastKnownFileType = file; path = "OpenSans-SemiBoldItalic.ttf"; sourceTree = "<group>"; };
		7923FADC287C39D500E6EE3D /* OpenSans-Medium.ttf */ = {isa = PBXFileReference; lastKnownFileType = file; path = "OpenSans-Medium.ttf"; sourceTree = "<group>"; };
		7923FADD287C39D500E6EE3D /* OpenSans-ExtraBoldItalic.ttf */ = {isa = PBXFileReference; lastKnownFileType = file; path = "OpenSans-ExtraBoldItalic.ttf"; sourceTree = "<group>"; };
		7923FADE287C39D500E6EE3D /* OpenSans-Regular.ttf */ = {isa = PBXFileReference; lastKnownFileType = file; path = "OpenSans-Regular.ttf"; sourceTree = "<group>"; };
		7923FADF287C39D500E6EE3D /* OpenSans-BoldItalic.ttf */ = {isa = PBXFileReference; lastKnownFileType = file; path = "OpenSans-BoldItalic.ttf"; sourceTree = "<group>"; };
		7923FAE0287C39D500E6EE3D /* README.txt */ = {isa = PBXFileReference; fileEncoding = 4; lastKnownFileType = text; path = README.txt; sourceTree = "<group>"; };
		7923FAE1287C39D500E6EE3D /* LICENSE.txt */ = {isa = PBXFileReference; fileEncoding = 4; lastKnownFileType = text; path = LICENSE.txt; sourceTree = "<group>"; };
		7923FAE2287C39D500E6EE3D /* OpenSans-VariableFont_wdth,wght.ttf */ = {isa = PBXFileReference; lastKnownFileType = file; path = "OpenSans-VariableFont_wdth,wght.ttf"; sourceTree = "<group>"; };
		7923FB0B287C3A2500E6EE3D /* SwiftUI-Handbook-Info.plist */ = {isa = PBXFileReference; lastKnownFileType = text.plist; path = "SwiftUI-Handbook-Info.plist"; sourceTree = SOURCE_ROOT; };
		7923FB0C287C3CC100E6EE3D /* MaxWidthAndFrame.swift */ = {isa = PBXFileReference; lastKnownFileType = sourcecode.swift; path = MaxWidthAndFrame.swift; sourceTree = "<group>"; };
		7923FB0E287C3DBA00E6EE3D /* ShadowsAndColor.swift */ = {isa = PBXFileReference; lastKnownFileType = sourcecode.swift; path = ShadowsAndColor.swift; sourceTree = "<group>"; };
		7923FB10287C3F1200E6EE3D /* MaskAndTransParency.swift */ = {isa = PBXFileReference; lastKnownFileType = sourcecode.swift; path = MaskAndTransParency.swift; sourceTree = "<group>"; };
		7923FB12287C409500E6EE3D /* ClipShape and Smooth.swift */ = {isa = PBXFileReference; lastKnownFileType = sourcecode.swift; path = "ClipShape and Smooth.swift"; sourceTree = "<group>"; };
		7923FB14287C507A00E6EE3D /* TabViewPagination.swift */ = {isa = PBXFileReference; lastKnownFileType = sourcecode.swift; path = TabViewPagination.swift; sourceTree = "<group>"; };
		7923FB16287C515C00E6EE3D /* AnimationStates.swift */ = {isa = PBXFileReference; lastKnownFileType = sourcecode.swift; path = AnimationStates.swift; sourceTree = "<group>"; };
		7923FB18287C52F800E6EE3D /* ViewTransitionsAndAnimations.swift */ = {isa = PBXFileReference; lastKnownFileType = sourcecode.swift; path = ViewTransitionsAndAnimations.swift; sourceTree = "<group>"; };
		7923FB1A287C54F500E6EE3D /* AnimationModifierAndTiming.swift */ = {isa = PBXFileReference; lastKnownFileType = sourcecode.swift; path = AnimationModifierAndTiming.swift; sourceTree = "<group>"; };
		7923FB1C287C584C00E6EE3D /* TransfromAnimations.swift */ = {isa = PBXFileReference; lastKnownFileType = sourcecode.swift; path = TransfromAnimations.swift; sourceTree = "<group>"; };
		7923FB1E287CA48000E6EE3D /* TapAnimationDelay.swift */ = {isa = PBXFileReference; lastKnownFileType = sourcecode.swift; path = TapAnimationDelay.swift; sourceTree = "<group>"; };
		7923FB20287CA69800E6EE3D /* LongPressGesture.swift */ = {isa = PBXFileReference; lastKnownFileType = sourcecode.swift; path = LongPressGesture.swift; sourceTree = "<group>"; };
		79552B4A287F19ED00039F57 /* AdvancedMatchedGeo.swift */ = {isa = PBXFileReference; lastKnownFileType = sourcecode.swift; path = AdvancedMatchedGeo.swift; sourceTree = "<group>"; };
		79552B4C287F1B0400039F57 /* PlayView.swift */ = {isa = PBXFileReference; lastKnownFileType = sourcecode.swift; path = PlayView.swift; sourceTree = "<group>"; };
		79552B4F287F1EF500039F57 /* SwiftManagerPAckage.swift */ = {isa = PBXFileReference; lastKnownFileType = sourcecode.swift; path = SwiftManagerPAckage.swift; sourceTree = "<group>"; };
		79552B54287F217700039F57 /* BakcgroundBlur.swift */ = {isa = PBXFileReference; lastKnownFileType = sourcecode.swift; path = BakcgroundBlur.swift; sourceTree = "<group>"; };
		79552B56287F304600039F57 /* VisualEffectBlur.swift */ = {isa = PBXFileReference; fileEncoding = 4; lastKnownFileType = sourcecode.swift; path = VisualEffectBlur.swift; sourceTree = "<group>"; };
		79552B5C287F34F400039F57 /* LottieAnimation.swift */ = {isa = PBXFileReference; lastKnownFileType = sourcecode.swift; path = LottieAnimation.swift; sourceTree = "<group>"; };
		79552B5E287F350C00039F57 /* success.json */ = {isa = PBXFileReference; fileEncoding = 4; lastKnownFileType = text.json; path = success.json; sourceTree = "<group>"; };
		79552B61287F353700039F57 /* LottieView.swift */ = {isa = PBXFileReference; lastKnownFileType = sourcecode.swift; path = LottieView.swift; sourceTree = "<group>"; };
		79552B63287F3C4600039F57 /* LazyGridLayout.swift */ = {isa = PBXFileReference; lastKnownFileType = sourcecode.swift; path = LazyGridLayout.swift; sourceTree = "<group>"; };
		796DD61D287BE76D0031CD48 /* ColorLiteral.swift */ = {isa = PBXFileReference; lastKnownFileType = sourcecode.swift; path = ColorLiteral.swift; sourceTree = "<group>"; };
		797BD1D2287CA9470062F395 /* DragGestureHB.swift */ = {isa = PBXFileReference; lastKnownFileType = sourcecode.swift; path = DragGestureHB.swift; sourceTree = "<group>"; };
		797BD1D4287CAAD00062F395 /* MatchedGeometryEffect.swift */ = {isa = PBXFileReference; lastKnownFileType = sourcecode.swift; path = MatchedGeometryEffect.swift; sourceTree = "<group>"; };
		79C55414287BD97F002F059B /* SwiftUI Handbook.app */ = {isa = PBXFileReference; explicitFileType = wrapper.application; includeInIndex = 0; path = "SwiftUI Handbook.app"; sourceTree = BUILT_PRODUCTS_DIR; };
		79C55417287BD97F002F059B /* SwiftUI_HandbookApp.swift */ = {isa = PBXFileReference; lastKnownFileType = sourcecode.swift; path = SwiftUI_HandbookApp.swift; sourceTree = "<group>"; };
		79C55419287BD97F002F059B /* ContentView.swift */ = {isa = PBXFileReference; lastKnownFileType = sourcecode.swift; path = ContentView.swift; sourceTree = "<group>"; };
		79C5541B287BD980002F059B /* Assets.xcassets */ = {isa = PBXFileReference; lastKnownFileType = folder.assetcatalog; path = Assets.xcassets; sourceTree = "<group>"; };
		79C5541E287BD980002F059B /* Preview Assets.xcassets */ = {isa = PBXFileReference; lastKnownFileType = folder.assetcatalog; path = "Preview Assets.xcassets"; sourceTree = "<group>"; };
		79C55441287BE5C0002F059B /* Symbols.swift */ = {isa = PBXFileReference; lastKnownFileType = sourcecode.swift; path = Symbols.swift; sourceTree = "<group>"; };
/* End PBXFileReference section */

/* Begin PBXFrameworksBuildPhase section */
		79C55411287BD97F002F059B /* Frameworks */ = {
			isa = PBXFrameworksBuildPhase;
			buildActionMask = 2147483647;
			files = (
				79552B53287F1FA400039F57 /* SwiftUIX in Frameworks */,
				79552B5B287F34CF00039F57 /* Lottie in Frameworks */,
			);
			runOnlyForDeploymentPostprocessing = 0;
		};
/* End PBXFrameworksBuildPhase section */

/* Begin PBXGroup section */
		7923FAAB287C306C00E6EE3D /* SideBar */ = {
			isa = PBXGroup;
			children = (
				7923FAA5287C2F3E00E6EE3D /* SideBar.swift */,
				7923FAA7287C303E00E6EE3D /* HomeView.swift */,
				7923FAA9287C305D00E6EE3D /* TutorialsView.swift */,
			);
			path = SideBar;
			sourceTree = "<group>";
		};
		7923FAB6287C39D500E6EE3D /* Open_Sans */ = {
			isa = PBXGroup;
			children = (
				7923FAB7287C39D500E6EE3D /* OpenSans-Italic-VariableFont_wdth,wght.ttf */,
				7923FAB8287C39D500E6EE3D /* static */,
				7923FAE0287C39D500E6EE3D /* README.txt */,
				7923FAE1287C39D500E6EE3D /* LICENSE.txt */,
				7923FAE2287C39D500E6EE3D /* OpenSans-VariableFont_wdth,wght.ttf */,
			);
			path = Open_Sans;
			sourceTree = "<group>";
		};
		7923FAB8287C39D500E6EE3D /* static */ = {
			isa = PBXGroup;
			children = (
				7923FAB9287C39D500E6EE3D /* OpenSans_SemiCondensed */,
				7923FAC6287C39D500E6EE3D /* OpenSans_Condensed */,
				7923FAD3287C39D500E6EE3D /* OpenSans */,
			);
			path = static;
			sourceTree = "<group>";
		};
		7923FAB9287C39D500E6EE3D /* OpenSans_SemiCondensed */ = {
			isa = PBXGroup;
			children = (
				7923FABA287C39D500E6EE3D /* OpenSans_SemiCondensed-MediumItalic.ttf */,
				7923FABB287C39D500E6EE3D /* OpenSans_SemiCondensed-Regular.ttf */,
				7923FABC287C39D500E6EE3D /* OpenSans_SemiCondensed-Bold.ttf */,
				7923FABD287C39D500E6EE3D /* OpenSans_SemiCondensed-Light.ttf */,
				7923FABE287C39D500E6EE3D /* OpenSans_SemiCondensed-SemiBoldItalic.ttf */,
				7923FABF287C39D500E6EE3D /* OpenSans_SemiCondensed-SemiBold.ttf */,
				7923FAC0287C39D500E6EE3D /* OpenSans_SemiCondensed-Medium.ttf */,
				7923FAC1287C39D500E6EE3D /* OpenSans_SemiCondensed-ExtraBold.ttf */,
				7923FAC2287C39D500E6EE3D /* OpenSans_SemiCondensed-LightItalic.ttf */,
				7923FAC3287C39D500E6EE3D /* OpenSans_SemiCondensed-Italic.ttf */,
				7923FAC4287C39D500E6EE3D /* OpenSans_SemiCondensed-BoldItalic.ttf */,
				7923FAC5287C39D500E6EE3D /* OpenSans_SemiCondensed-ExtraBoldItalic.ttf */,
			);
			path = OpenSans_SemiCondensed;
			sourceTree = "<group>";
		};
		7923FAC6287C39D500E6EE3D /* OpenSans_Condensed */ = {
			isa = PBXGroup;
			children = (
				7923FAC7287C39D500E6EE3D /* OpenSans_Condensed-Medium.ttf */,
				7923FAC8287C39D500E6EE3D /* OpenSans_Condensed-ExtraBold.ttf */,
				7923FAC9287C39D500E6EE3D /* OpenSans_Condensed-SemiBold.ttf */,
				7923FACA287C39D500E6EE3D /* OpenSans_Condensed-LightItalic.ttf */,
				7923FACB287C39D500E6EE3D /* OpenSans_Condensed-Bold.ttf */,
				7923FACC287C39D500E6EE3D /* OpenSans_Condensed-Light.ttf */,
				7923FACD287C39D500E6EE3D /* OpenSans_Condensed-SemiBoldItalic.ttf */,
				7923FACE287C39D500E6EE3D /* OpenSans_Condensed-BoldItalic.ttf */,
				7923FACF287C39D500E6EE3D /* OpenSans_Condensed-MediumItalic.ttf */,
				7923FAD0287C39D500E6EE3D /* OpenSans_Condensed-Regular.ttf */,
				7923FAD1287C39D500E6EE3D /* OpenSans_Condensed-ExtraBoldItalic.ttf */,
				7923FAD2287C39D500E6EE3D /* OpenSans_Condensed-Italic.ttf */,
			);
			path = OpenSans_Condensed;
			sourceTree = "<group>";
		};
		7923FAD3287C39D500E6EE3D /* OpenSans */ = {
			isa = PBXGroup;
			children = (
				7923FAD4287C39D500E6EE3D /* OpenSans-SemiBold.ttf */,
				7923FAD5287C39D500E6EE3D /* OpenSans-Light.ttf */,
				7923FAD6287C39D500E6EE3D /* OpenSans-Italic.ttf */,
				7923FAD7287C39D500E6EE3D /* OpenSans-MediumItalic.ttf */,
				7923FAD8287C39D500E6EE3D /* OpenSans-ExtraBold.ttf */,
				7923FAD9287C39D500E6EE3D /* OpenSans-LightItalic.ttf */,
				7923FADA287C39D500E6EE3D /* OpenSans-Bold.ttf */,
				7923FADB287C39D500E6EE3D /* OpenSans-SemiBoldItalic.ttf */,
				7923FADC287C39D500E6EE3D /* OpenSans-Medium.ttf */,
				7923FADD287C39D500E6EE3D /* OpenSans-ExtraBoldItalic.ttf */,
				7923FADE287C39D500E6EE3D /* OpenSans-Regular.ttf */,
				7923FADF287C39D500E6EE3D /* OpenSans-BoldItalic.ttf */,
			);
			path = OpenSans;
			sourceTree = "<group>";
		};
		79552B4E287F1B0900039F57 /* AdvanceGeoEffect */ = {
			isa = PBXGroup;
			children = (
				79552B4A287F19ED00039F57 /* AdvancedMatchedGeo.swift */,
				79552B4C287F1B0400039F57 /* PlayView.swift */,
			);
			path = AdvanceGeoEffect;
			sourceTree = "<group>";
		};
		79552B58287F304900039F57 /* BackgroundBlur */ = {
			isa = PBXGroup;
			children = (
				79552B54287F217700039F57 /* BakcgroundBlur.swift */,
				79552B56287F304600039F57 /* VisualEffectBlur.swift */,
			);
			path = BackgroundBlur;
			sourceTree = "<group>";
		};
		79552B60287F352000039F57 /* LottieAnimation */ = {
			isa = PBXGroup;
			children = (
				79552B5C287F34F400039F57 /* LottieAnimation.swift */,
				79552B5E287F350C00039F57 /* success.json */,
				79552B61287F353700039F57 /* LottieView.swift */,
			);
			path = LottieAnimation;
			sourceTree = "<group>";
		};
		796DD61C287BE72E0031CD48 /* Views */ = {
			isa = PBXGroup;
			children = (
				79C55419287BD97F002F059B /* ContentView.swift */,
				79C55441287BE5C0002F059B /* Symbols.swift */,
				796DD61D287BE76D0031CD48 /* ColorLiteral.swift */,
				7923FAAB287C306C00E6EE3D /* SideBar */,
				7923FAAC287C330F00E6EE3D /* ToolBar.swift */,
				7923FAAE287C34BE00E6EE3D /* ImageView.swift */,
				7923FAB0287C362900E6EE3D /* SafeAreaLayout.swift */,
				7923FAB2287C375600E6EE3D /* TextView.swift */,
				7923FAB4287C398300E6EE3D /* CustomFont.swift */,
				7923FB0C287C3CC100E6EE3D /* MaxWidthAndFrame.swift */,
				7923FB0E287C3DBA00E6EE3D /* ShadowsAndColor.swift */,
				7923FB10287C3F1200E6EE3D /* MaskAndTransParency.swift */,
				7923FB12287C409500E6EE3D /* ClipShape and Smooth.swift */,
				7923FB14287C507A00E6EE3D /* TabViewPagination.swift */,
				7923FB16287C515C00E6EE3D /* AnimationStates.swift */,
				7923FB18287C52F800E6EE3D /* ViewTransitionsAndAnimations.swift */,
				7923FB1A287C54F500E6EE3D /* AnimationModifierAndTiming.swift */,
				7923FB1C287C584C00E6EE3D /* TransfromAnimations.swift */,
				7923FB1E287CA48000E6EE3D /* TapAnimationDelay.swift */,
				7923FB20287CA69800E6EE3D /* LongPressGesture.swift */,
				797BD1D2287CA9470062F395 /* DragGestureHB.swift */,
				797BD1D4287CAAD00062F395 /* MatchedGeometryEffect.swift */,
				79552B4F287F1EF500039F57 /* SwiftManagerPAckage.swift */,
				79552B63287F3C4600039F57 /* LazyGridLayout.swift */,
				79552B60287F352000039F57 /* LottieAnimation */,
				79552B58287F304900039F57 /* BackgroundBlur */,
				79552B4E287F1B0900039F57 /* AdvanceGeoEffect */,
				7923FAB6287C39D500E6EE3D /* Open_Sans */,
			);
			path = Views;
			sourceTree = "<group>";
		};
		79C5540B287BD97F002F059B = {
			isa = PBXGroup;
			children = (
				79C55416287BD97F002F059B /* SwiftUI Handbook */,
				79C55415287BD97F002F059B /* Products */,
			);
			sourceTree = "<group>";
		};
		79C55415287BD97F002F059B /* Products */ = {
			isa = PBXGroup;
			children = (
				79C55414287BD97F002F059B /* SwiftUI Handbook.app */,
			);
			name = Products;
			sourceTree = "<group>";
		};
		79C55416287BD97F002F059B /* SwiftUI Handbook */ = {
			isa = PBXGroup;
			children = (
				7923FB0B287C3A2500E6EE3D /* SwiftUI-Handbook-Info.plist */,
				79C55417287BD97F002F059B /* SwiftUI_HandbookApp.swift */,
				796DD61C287BE72E0031CD48 /* Views */,
				79C5541B287BD980002F059B /* Assets.xcassets */,
				79C5541D287BD980002F059B /* Preview Content */,
			);
			path = "SwiftUI Handbook";
			sourceTree = "<group>";
		};
		79C5541D287BD980002F059B /* Preview Content */ = {
			isa = PBXGroup;
			children = (
				79C5541E287BD980002F059B /* Preview Assets.xcassets */,
			);
			path = "Preview Content";
			sourceTree = "<group>";
		};
/* End PBXGroup section */

/* Begin PBXNativeTarget section */
		79C55413287BD97F002F059B /* SwiftUI Handbook */ = {
			isa = PBXNativeTarget;
			buildConfigurationList = 79C55422287BD980002F059B /* Build configuration list for PBXNativeTarget "SwiftUI Handbook" */;
			buildPhases = (
				79C55410287BD97F002F059B /* Sources */,
				79C55411287BD97F002F059B /* Frameworks */,
				79C55412287BD97F002F059B /* Resources */,
			);
			buildRules = (
			);
			dependencies = (
			);
			name = "SwiftUI Handbook";
			packageProductDependencies = (
				79552B52287F1FA400039F57 /* SwiftUIX */,
				79552B5A287F34CF00039F57 /* Lottie */,
			);
			productName = "SwiftUI Handbook";
			productReference = 79C55414287BD97F002F059B /* SwiftUI Handbook.app */;
			productType = "com.apple.product-type.application";
		};
/* End PBXNativeTarget section */

/* Begin PBXProject section */
		79C5540C287BD97F002F059B /* Project object */ = {
			isa = PBXProject;
			attributes = {
				BuildIndependentTargetsInParallel = 1;
				LastSwiftUpdateCheck = 1330;
				LastUpgradeCheck = 1330;
				TargetAttributes = {
					79C55413287BD97F002F059B = {
						CreatedOnToolsVersion = 13.3;
					};
				};
			};
			buildConfigurationList = 79C5540F287BD97F002F059B /* Build configuration list for PBXProject "SwiftUI Handbook" */;
			compatibilityVersion = "Xcode 13.0";
			developmentRegion = en;
			hasScannedForEncodings = 0;
			knownRegions = (
				en,
				Base,
			);
			mainGroup = 79C5540B287BD97F002F059B;
			packageReferences = (
				79552B51287F1FA400039F57 /* XCRemoteSwiftPackageReference "SwiftUIX" */,
				79552B59287F34CF00039F57 /* XCRemoteSwiftPackageReference "lottie-ios" */,
			);
			productRefGroup = 79C55415287BD97F002F059B /* Products */;
			projectDirPath = "";
			projectRoot = "";
			targets = (
				79C55413287BD97F002F059B /* SwiftUI Handbook */,
			);
		};
/* End PBXProject section */

/* Begin PBXResourcesBuildPhase section */
		79C55412287BD97F002F059B /* Resources */ = {
			isa = PBXResourcesBuildPhase;
			buildActionMask = 2147483647;
			files = (
				7923FAF9287C39D500E6EE3D /* OpenSans_Condensed-Regular.ttf in Resources */,
				7923FAF6287C39D500E6EE3D /* OpenSans_Condensed-SemiBoldItalic.ttf in Resources */,
				7923FAF7287C39D500E6EE3D /* OpenSans_Condensed-BoldItalic.ttf in Resources */,
				7923FAFE287C39D500E6EE3D /* OpenSans-Italic.ttf in Resources */,
				7923FAF5287C39D500E6EE3D /* OpenSans_Condensed-Light.ttf in Resources */,
				7923FB01287C39D500E6EE3D /* OpenSans-LightItalic.ttf in Resources */,
				7923FAF0287C39D500E6EE3D /* OpenSans_Condensed-Medium.ttf in Resources */,
				7923FAEA287C39D500E6EE3D /* OpenSans_SemiCondensed-Medium.ttf in Resources */,
				7923FAF4287C39D500E6EE3D /* OpenSans_Condensed-Bold.ttf in Resources */,
				7923FAFB287C39D500E6EE3D /* OpenSans_Condensed-Italic.ttf in Resources */,
				7923FB0A287C39D500E6EE3D /* OpenSans-VariableFont_wdth,wght.ttf in Resources */,
				7923FB06287C39D500E6EE3D /* OpenSans-Regular.ttf in Resources */,
				7923FAF2287C39D500E6EE3D /* OpenSans_Condensed-SemiBold.ttf in Resources */,
				79C5541F287BD980002F059B /* Preview Assets.xcassets in Resources */,
				7923FB00287C39D500E6EE3D /* OpenSans-ExtraBold.ttf in Resources */,
				7923FB08287C39D500E6EE3D /* README.txt in Resources */,
				7923FB09287C39D500E6EE3D /* LICENSE.txt in Resources */,
				79C5541C287BD980002F059B /* Assets.xcassets in Resources */,
				7923FAE6287C39D500E6EE3D /* OpenSans_SemiCondensed-Bold.ttf in Resources */,
				7923FAEB287C39D500E6EE3D /* OpenSans_SemiCondensed-ExtraBold.ttf in Resources */,
				7923FAE4287C39D500E6EE3D /* OpenSans_SemiCondensed-MediumItalic.ttf in Resources */,
				7923FAF8287C39D500E6EE3D /* OpenSans_Condensed-MediumItalic.ttf in Resources */,
				7923FAEF287C39D500E6EE3D /* OpenSans_SemiCondensed-ExtraBoldItalic.ttf in Resources */,
				7923FB03287C39D500E6EE3D /* OpenSans-SemiBoldItalic.ttf in Resources */,
				7923FB07287C39D500E6EE3D /* OpenSans-BoldItalic.ttf in Resources */,
				7923FAFC287C39D500E6EE3D /* OpenSans-SemiBold.ttf in Resources */,
				7923FB02287C39D500E6EE3D /* OpenSans-Bold.ttf in Resources */,
				7923FAEE287C39D500E6EE3D /* OpenSans_SemiCondensed-BoldItalic.ttf in Resources */,
				7923FAFF287C39D500E6EE3D /* OpenSans-MediumItalic.ttf in Resources */,
				7923FB04287C39D500E6EE3D /* OpenSans-Medium.ttf in Resources */,
				7923FAF1287C39D500E6EE3D /* OpenSans_Condensed-ExtraBold.ttf in Resources */,
				7923FAE3287C39D500E6EE3D /* OpenSans-Italic-VariableFont_wdth,wght.ttf in Resources */,
				7923FAFD287C39D500E6EE3D /* OpenSans-Light.ttf in Resources */,
				7923FAED287C39D500E6EE3D /* OpenSans_SemiCondensed-Italic.ttf in Resources */,
				7923FAE9287C39D500E6EE3D /* OpenSans_SemiCondensed-SemiBold.ttf in Resources */,
				79552B5F287F350C00039F57 /* success.json in Resources */,
				7923FAEC287C39D500E6EE3D /* OpenSans_SemiCondensed-LightItalic.ttf in Resources */,
				7923FAFA287C39D500E6EE3D /* OpenSans_Condensed-ExtraBoldItalic.ttf in Resources */,
				7923FAF3287C39D500E6EE3D /* OpenSans_Condensed-LightItalic.ttf in Resources */,
				7923FAE5287C39D500E6EE3D /* OpenSans_SemiCondensed-Regular.ttf in Resources */,
				7923FB05287C39D500E6EE3D /* OpenSans-ExtraBoldItalic.ttf in Resources */,
				7923FAE8287C39D500E6EE3D /* OpenSans_SemiCondensed-SemiBoldItalic.ttf in Resources */,
				7923FAE7287C39D500E6EE3D /* OpenSans_SemiCondensed-Light.ttf in Resources */,
			);
			runOnlyForDeploymentPostprocessing = 0;
		};
/* End PBXResourcesBuildPhase section */

/* Begin PBXSourcesBuildPhase section */
		79C55410287BD97F002F059B /* Sources */ = {
			isa = PBXSourcesBuildPhase;
			buildActionMask = 2147483647;
			files = (
				7923FB11287C3F1200E6EE3D /* MaskAndTransParency.swift in Sources */,
				79552B55287F217700039F57 /* BakcgroundBlur.swift in Sources */,
				7923FAA6287C2F3E00E6EE3D /* SideBar.swift in Sources */,
				7923FAB3287C375600E6EE3D /* TextView.swift in Sources */,
				79C55442287BE5C0002F059B /* Symbols.swift in Sources */,
				79552B50287F1EF500039F57 /* SwiftManagerPAckage.swift in Sources */,
				796DD61E287BE76D0031CD48 /* ColorLiteral.swift in Sources */,
				797BD1D3287CA9470062F395 /* DragGestureHB.swift in Sources */,
				79552B4D287F1B0400039F57 /* PlayView.swift in Sources */,
				7923FB0D287C3CC100E6EE3D /* MaxWidthAndFrame.swift in Sources */,
				7923FB19287C52F800E6EE3D /* ViewTransitionsAndAnimations.swift in Sources */,
				7923FB0F287C3DBA00E6EE3D /* ShadowsAndColor.swift in Sources */,
				7923FAAD287C330F00E6EE3D /* ToolBar.swift in Sources */,
				79552B64287F3C4600039F57 /* LazyGridLayout.swift in Sources */,
				79552B4B287F19ED00039F57 /* AdvancedMatchedGeo.swift in Sources */,
				7923FAAA287C305D00E6EE3D /* TutorialsView.swift in Sources */,
				79552B57287F304600039F57 /* VisualEffectBlur.swift in Sources */,
				7923FAB1287C362900E6EE3D /* SafeAreaLayout.swift in Sources */,
				7923FB17287C515C00E6EE3D /* AnimationStates.swift in Sources */,
				7923FAA8287C303E00E6EE3D /* HomeView.swift in Sources */,
				797BD1D5287CAAD00062F395 /* MatchedGeometryEffect.swift in Sources */,
				79552B5D287F34F400039F57 /* LottieAnimation.swift in Sources */,
				7923FB13287C409500E6EE3D /* ClipShape and Smooth.swift in Sources */,
				7923FB1F287CA48000E6EE3D /* TapAnimationDelay.swift in Sources */,
				79552B62287F353700039F57 /* LottieView.swift in Sources */,
				7923FB1B287C54F500E6EE3D /* AnimationModifierAndTiming.swift in Sources */,
				7923FAAF287C34BE00E6EE3D /* ImageView.swift in Sources */,
				7923FAB5287C398300E6EE3D /* CustomFont.swift in Sources */,
				7923FB21287CA69800E6EE3D /* LongPressGesture.swift in Sources */,
				79C5541A287BD97F002F059B /* ContentView.swift in Sources */,
				7923FB15287C507A00E6EE3D /* TabViewPagination.swift in Sources */,
				79C55418287BD97F002F059B /* SwiftUI_HandbookApp.swift in Sources */,
				7923FB1D287C584C00E6EE3D /* TransfromAnimations.swift in Sources */,
			);
			runOnlyForDeploymentPostprocessing = 0;
		};
/* End PBXSourcesBuildPhase section */

/* Begin XCBuildConfiguration section */
		79C55420287BD980002F059B /* Debug */ = {
			isa = XCBuildConfiguration;
			buildSettings = {
				ALWAYS_SEARCH_USER_PATHS = NO;
				CLANG_ANALYZER_NONNULL = YES;
				CLANG_ANALYZER_NUMBER_OBJECT_CONVERSION = YES_AGGRESSIVE;
				CLANG_CXX_LANGUAGE_STANDARD = "gnu++17";
				CLANG_ENABLE_MODULES = YES;
				CLANG_ENABLE_OBJC_ARC = YES;
				CLANG_ENABLE_OBJC_WEAK = YES;
				CLANG_WARN_BLOCK_CAPTURE_AUTORELEASING = YES;
				CLANG_WARN_BOOL_CONVERSION = YES;
				CLANG_WARN_COMMA = YES;
				CLANG_WARN_CONSTANT_CONVERSION = YES;
				CLANG_WARN_DEPRECATED_OBJC_IMPLEMENTATIONS = YES;
				CLANG_WARN_DIRECT_OBJC_ISA_USAGE = YES_ERROR;
				CLANG_WARN_DOCUMENTATION_COMMENTS = YES;
				CLANG_WARN_EMPTY_BODY = YES;
				CLANG_WARN_ENUM_CONVERSION = YES;
				CLANG_WARN_INFINITE_RECURSION = YES;
				CLANG_WARN_INT_CONVERSION = YES;
				CLANG_WARN_NON_LITERAL_NULL_CONVERSION = YES;
				CLANG_WARN_OBJC_IMPLICIT_RETAIN_SELF = YES;
				CLANG_WARN_OBJC_LITERAL_CONVERSION = YES;
				CLANG_WARN_OBJC_ROOT_CLASS = YES_ERROR;
				CLANG_WARN_QUOTED_INCLUDE_IN_FRAMEWORK_HEADER = YES;
				CLANG_WARN_RANGE_LOOP_ANALYSIS = YES;
				CLANG_WARN_STRICT_PROTOTYPES = YES;
				CLANG_WARN_SUSPICIOUS_MOVE = YES;
				CLANG_WARN_UNGUARDED_AVAILABILITY = YES_AGGRESSIVE;
				CLANG_WARN_UNREACHABLE_CODE = YES;
				CLANG_WARN__DUPLICATE_METHOD_MATCH = YES;
				COPY_PHASE_STRIP = NO;
				DEBUG_INFORMATION_FORMAT = dwarf;
				ENABLE_STRICT_OBJC_MSGSEND = YES;
				ENABLE_TESTABILITY = YES;
				GCC_C_LANGUAGE_STANDARD = gnu11;
				GCC_DYNAMIC_NO_PIC = NO;
				GCC_NO_COMMON_BLOCKS = YES;
				GCC_OPTIMIZATION_LEVEL = 0;
				GCC_PREPROCESSOR_DEFINITIONS = (
					"DEBUG=1",
					"$(inherited)",
				);
				GCC_WARN_64_TO_32_BIT_CONVERSION = YES;
				GCC_WARN_ABOUT_RETURN_TYPE = YES_ERROR;
				GCC_WARN_UNDECLARED_SELECTOR = YES;
				GCC_WARN_UNINITIALIZED_AUTOS = YES_AGGRESSIVE;
				GCC_WARN_UNUSED_FUNCTION = YES;
				GCC_WARN_UNUSED_VARIABLE = YES;
				IPHONEOS_DEPLOYMENT_TARGET = 15.4;
				MTL_ENABLE_DEBUG_INFO = INCLUDE_SOURCE;
				MTL_FAST_MATH = YES;
				ONLY_ACTIVE_ARCH = YES;
				SDKROOT = iphoneos;
				SWIFT_ACTIVE_COMPILATION_CONDITIONS = DEBUG;
				SWIFT_OPTIMIZATION_LEVEL = "-Onone";
			};
			name = Debug;
		};
		79C55421287BD980002F059B /* Release */ = {
			isa = XCBuildConfiguration;
			buildSettings = {
				ALWAYS_SEARCH_USER_PATHS = NO;
				CLANG_ANALYZER_NONNULL = YES;
				CLANG_ANALYZER_NUMBER_OBJECT_CONVERSION = YES_AGGRESSIVE;
				CLANG_CXX_LANGUAGE_STANDARD = "gnu++17";
				CLANG_ENABLE_MODULES = YES;
				CLANG_ENABLE_OBJC_ARC = YES;
				CLANG_ENABLE_OBJC_WEAK = YES;
				CLANG_WARN_BLOCK_CAPTURE_AUTORELEASING = YES;
				CLANG_WARN_BOOL_CONVERSION = YES;
				CLANG_WARN_COMMA = YES;
				CLANG_WARN_CONSTANT_CONVERSION = YES;
				CLANG_WARN_DEPRECATED_OBJC_IMPLEMENTATIONS = YES;
				CLANG_WARN_DIRECT_OBJC_ISA_USAGE = YES_ERROR;
				CLANG_WARN_DOCUMENTATION_COMMENTS = YES;
				CLANG_WARN_EMPTY_BODY = YES;
				CLANG_WARN_ENUM_CONVERSION = YES;
				CLANG_WARN_INFINITE_RECURSION = YES;
				CLANG_WARN_INT_CONVERSION = YES;
				CLANG_WARN_NON_LITERAL_NULL_CONVERSION = YES;
				CLANG_WARN_OBJC_IMPLICIT_RETAIN_SELF = YES;
				CLANG_WARN_OBJC_LITERAL_CONVERSION = YES;
				CLANG_WARN_OBJC_ROOT_CLASS = YES_ERROR;
				CLANG_WARN_QUOTED_INCLUDE_IN_FRAMEWORK_HEADER = YES;
				CLANG_WARN_RANGE_LOOP_ANALYSIS = YES;
				CLANG_WARN_STRICT_PROTOTYPES = YES;
				CLANG_WARN_SUSPICIOUS_MOVE = YES;
				CLANG_WARN_UNGUARDED_AVAILABILITY = YES_AGGRESSIVE;
				CLANG_WARN_UNREACHABLE_CODE = YES;
				CLANG_WARN__DUPLICATE_METHOD_MATCH = YES;
				COPY_PHASE_STRIP = NO;
				DEBUG_INFORMATION_FORMAT = "dwarf-with-dsym";
				ENABLE_NS_ASSERTIONS = NO;
				ENABLE_STRICT_OBJC_MSGSEND = YES;
				GCC_C_LANGUAGE_STANDARD = gnu11;
				GCC_NO_COMMON_BLOCKS = YES;
				GCC_WARN_64_TO_32_BIT_CONVERSION = YES;
				GCC_WARN_ABOUT_RETURN_TYPE = YES_ERROR;
				GCC_WARN_UNDECLARED_SELECTOR = YES;
				GCC_WARN_UNINITIALIZED_AUTOS = YES_AGGRESSIVE;
				GCC_WARN_UNUSED_FUNCTION = YES;
				GCC_WARN_UNUSED_VARIABLE = YES;
				IPHONEOS_DEPLOYMENT_TARGET = 15.4;
				MTL_ENABLE_DEBUG_INFO = NO;
				MTL_FAST_MATH = YES;
				SDKROOT = iphoneos;
				SWIFT_COMPILATION_MODE = wholemodule;
				SWIFT_OPTIMIZATION_LEVEL = "-O";
				VALIDATE_PRODUCT = YES;
			};
			name = Release;
		};
		79C55423287BD980002F059B /* Debug */ = {
			isa = XCBuildConfiguration;
			buildSettings = {
				ASSETCATALOG_COMPILER_APPICON_NAME = AppIcon;
				ASSETCATALOG_COMPILER_GLOBAL_ACCENT_COLOR_NAME = AccentColor;
				CODE_SIGN_STYLE = Automatic;
				CURRENT_PROJECT_VERSION = 1;
				DEVELOPMENT_ASSET_PATHS = "\"SwiftUI Handbook/Preview Content\"";
				DEVELOPMENT_TEAM = FKWLV7R376;
				ENABLE_PREVIEWS = YES;
				GENERATE_INFOPLIST_FILE = YES;
				INFOPLIST_FILE = "SwiftUI-Handbook-Info.plist";
				INFOPLIST_KEY_UIApplicationSceneManifest_Generation = YES;
				INFOPLIST_KEY_UIApplicationSupportsIndirectInputEvents = YES;
				INFOPLIST_KEY_UILaunchScreen_Generation = YES;
				INFOPLIST_KEY_UISupportedInterfaceOrientations_iPad = "UIInterfaceOrientationPortrait UIInterfaceOrientationPortraitUpsideDown UIInterfaceOrientationLandscapeLeft UIInterfaceOrientationLandscapeRight";
				INFOPLIST_KEY_UISupportedInterfaceOrientations_iPhone = "UIInterfaceOrientationPortrait UIInterfaceOrientationLandscapeLeft UIInterfaceOrientationLandscapeRight";
				LD_RUNPATH_SEARCH_PATHS = (
					"$(inherited)",
					"@executable_path/Frameworks",
				);
				MARKETING_VERSION = 1.0;
				PRODUCT_BUNDLE_IDENTIFIER = "ch8setech.SwiftUI-Handbook";
				PRODUCT_NAME = "$(TARGET_NAME)";
				SWIFT_EMIT_LOC_STRINGS = YES;
				SWIFT_VERSION = 5.0;
				TARGETED_DEVICE_FAMILY = "1,2";
			};
			name = Debug;
		};
		79C55424287BD980002F059B /* Release */ = {
			isa = XCBuildConfiguration;
			buildSettings = {
				ASSETCATALOG_COMPILER_APPICON_NAME = AppIcon;
				ASSETCATALOG_COMPILER_GLOBAL_ACCENT_COLOR_NAME = AccentColor;
				CODE_SIGN_STYLE = Automatic;
				CURRENT_PROJECT_VERSION = 1;
				DEVELOPMENT_ASSET_PATHS = "\"SwiftUI Handbook/Preview Content\"";
				DEVELOPMENT_TEAM = FKWLV7R376;
				ENABLE_PREVIEWS = YES;
				GENERATE_INFOPLIST_FILE = YES;
				INFOPLIST_FILE = "SwiftUI-Handbook-Info.plist";
				INFOPLIST_KEY_UIApplicationSceneManifest_Generation = YES;
				INFOPLIST_KEY_UIApplicationSupportsIndirectInputEvents = YES;
				INFOPLIST_KEY_UILaunchScreen_Generation = YES;
				INFOPLIST_KEY_UISupportedInterfaceOrientations_iPad = "UIInterfaceOrientationPortrait UIInterfaceOrientationPortraitUpsideDown UIInterfaceOrientationLandscapeLeft UIInterfaceOrientationLandscapeRight";
				INFOPLIST_KEY_UISupportedInterfaceOrientations_iPhone = "UIInterfaceOrientationPortrait UIInterfaceOrientationLandscapeLeft UIInterfaceOrientationLandscapeRight";
				LD_RUNPATH_SEARCH_PATHS = (
					"$(inherited)",
					"@executable_path/Frameworks",
				);
				MARKETING_VERSION = 1.0;
				PRODUCT_BUNDLE_IDENTIFIER = "ch8setech.SwiftUI-Handbook";
				PRODUCT_NAME = "$(TARGET_NAME)";
				SWIFT_EMIT_LOC_STRINGS = YES;
				SWIFT_VERSION = 5.0;
				TARGETED_DEVICE_FAMILY = "1,2";
			};
			name = Release;
		};
/* End XCBuildConfiguration section */

/* Begin XCConfigurationList section */
		79C5540F287BD97F002F059B /* Build configuration list for PBXProject "SwiftUI Handbook" */ = {
			isa = XCConfigurationList;
			buildConfigurations = (
				79C55420287BD980002F059B /* Debug */,
				79C55421287BD980002F059B /* Release */,
			);
			defaultConfigurationIsVisible = 0;
			defaultConfigurationName = Release;
		};
		79C55422287BD980002F059B /* Build configuration list for PBXNativeTarget "SwiftUI Handbook" */ = {
			isa = XCConfigurationList;
			buildConfigurations = (
				79C55423287BD980002F059B /* Debug */,
				79C55424287BD980002F059B /* Release */,
			);
			defaultConfigurationIsVisible = 0;
			defaultConfigurationName = Release;
		};
/* End XCConfigurationList section */

/* Begin XCRemoteSwiftPackageReference section */
		79552B51287F1FA400039F57 /* XCRemoteSwiftPackageReference "SwiftUIX" */ = {
			isa = XCRemoteSwiftPackageReference;
			repositoryURL = "https://github.com/SwiftUIX/SwiftUIX.git";
			requirement = {
				kind = upToNextMajorVersion;
				minimumVersion = 0.1.2;
			};
		};
		79552B59287F34CF00039F57 /* XCRemoteSwiftPackageReference "lottie-ios" */ = {
			isa = XCRemoteSwiftPackageReference;
			repositoryURL = "https://github.com/airbnb/lottie-ios.git";
			requirement = {
				kind = upToNextMajorVersion;
				minimumVersion = 3.0.0;
			};
		};
/* End XCRemoteSwiftPackageReference section */

/* Begin XCSwiftPackageProductDependency section */
		79552B52287F1FA400039F57 /* SwiftUIX */ = {
			isa = XCSwiftPackageProductDependency;
			package = 79552B51287F1FA400039F57 /* XCRemoteSwiftPackageReference "SwiftUIX" */;
			productName = SwiftUIX;
		};
		79552B5A287F34CF00039F57 /* Lottie */ = {
			isa = XCSwiftPackageProductDependency;
			package = 79552B59287F34CF00039F57 /* XCRemoteSwiftPackageReference "lottie-ios" */;
			productName = Lottie;
		};
/* End XCSwiftPackageProductDependency section */
	};
	rootObject = 79C5540C287BD97F002F059B /* Project object */;
}
